
Microsoft Visual Studio Solution File, Format Version 12.00
# Visual Studio Version 16
VisualStudioVersion = 16.0.29505.145
MinimumVisualStudioVersion = 10.0.40219.1
Project("{FAE04EC0-301F-11D3-BF4B-00C04F79EFBC}") = "Web", "Web\Web.csproj", "{564EB0F9-1187-4E46-B8FF-2B139E2DB730}"
EndProject
Project("{9A19103F-16F7-4668-BE54-9A1E7A4F7556}") = "BenchMark", "BenchMark\BenchMark.csproj", "{2B94EB95-895E-4E5F-AF2D-05FEE34CC405}"
EndProject
Global
	GlobalSection(SolutionConfigurationPlatforms) = preSolution
		Debug|Any CPU = Debug|Any CPU
		Release|Any CPU = Release|Any CPU
	EndGlobalSection
	GlobalSection(ProjectConfigurationPlatforms) = postSolution
		{564EB0F9-1187-4E46-B8FF-2B139E2DB730}.Debug|Any CPU.ActiveCfg = Debug|Any CPU
		{564EB0F9-1187-4E46-B8FF-2B139E2DB730}.Debug|Any CPU.Build.0 = Debug|Any CPU
		{564EB0F9-1187-4E46-B8FF-2B139E2DB730}.Release|Any CPU.ActiveCfg = Release|Any CPU
		{564EB0F9-1187-4E46-B8FF-2B139E2DB730}.Release|Any CPU.Build.0 = Release|Any CPU
		{2B94EB95-895E-4E5F-AF2D-05FEE34CC405}.Debug|Any CPU.ActiveCfg = Debug|Any CPU
		{2B94EB95-895E-4E5F-AF2D-05FEE34CC405}.Debug|Any CPU.Build.0 = Debug|Any CPU
		{2B94EB95-895E-4E5F-AF2D-05FEE34CC405}.Release|Any CPU.ActiveCfg = Release|Any CPU
		{2B94EB95-895E-4E5F-AF2D-05FEE34CC405}.Release|Any CPU.Build.0 = Release|Any CPU
	EndGlobalSection
	GlobalSection(SolutionProperties) = preSolution
		HideSolutionNode = FALSE
	EndGlobalSection
	GlobalSection(ExtensibilityGlobals) = postSolution
		SolutionGuid = {F18A8084-B420-494B-9427-DF27DA5513C6}
	EndGlobalSection
EndGlobal
